
Microsoft Visual Studio Solution File, Format Version 12.00
# Visual Studio 2012
Project("{FAE04EC0-301F-11D3-BF4B-00C04F79EFBC}") = "FakeSmtp", "FakeSmtp\FakeSmtp.csproj", "{AD2559B8-ADC4-4B86-8D66-9993841731FC}"
EndProject
Project("{FAE04EC0-301F-11D3-BF4B-00C04F79EFBC}") = "FakeSmtp.Data.Test", "FakeSmtp.Data.Test\FakeSmtp.Data.Test.csproj", "{B9F69C85-CD13-4F05-B80C-97BE57876DD6}"
EndProject
Project("{FAE04EC0-301F-11D3-BF4B-00C04F79EFBC}") = "SMTPSupport", "SMTPSupport\SMTPSupport.csproj", "{0628D425-0E90-4491-B474-1B88CEFEFA82}"
EndProject
Project("{FAE04EC0-301F-11D3-BF4B-00C04F79EFBC}") = "SMTPSupport.Test", "SMTPSupport.Test\SMTPSupport.Test.csproj", "{5ED5D24A-FA7E-4308-A3E2-3ACCAA7FA42C}"
EndProject
Project("{2150E333-8FDC-42A3-9474-1A3956D46DE8}") = ".nuget", ".nuget", "{4CEF1B04-F338-4796-BA6D-EE72217DBDC1}"
	ProjectSection(SolutionItems) = preProject
		.nuget\NuGet.Config = .nuget\NuGet.Config
		.nuget\NuGet.exe = .nuget\NuGet.exe
		.nuget\NuGet.targets = .nuget\NuGet.targets
	EndProjectSection
EndProject
Project("{FAE04EC0-301F-11D3-BF4B-00C04F79EFBC}") = "ClientWindow", "ClientWindow\ClientWindow.csproj", "{34E260C5-D2FD-4CEB-9D35-7E7F6DBF8620}"
EndProject
Project("{FAE04EC0-301F-11D3-BF4B-00C04F79EFBC}") = "ClientListner", "ClientListner\ClientListner.csproj", "{BF5D9400-0B7B-4F23-9765-5AC5AFFAFBFD}"
EndProject
Global
	GlobalSection(SolutionConfigurationPlatforms) = preSolution
		Debug|Any CPU = Debug|Any CPU
		Debug|Mixed Platforms = Debug|Mixed Platforms
		Debug|x86 = Debug|x86
		Release|Any CPU = Release|Any CPU
		Release|Mixed Platforms = Release|Mixed Platforms
		Release|x86 = Release|x86
	EndGlobalSection
	GlobalSection(ProjectConfigurationPlatforms) = postSolution
		{AD2559B8-ADC4-4B86-8D66-9993841731FC}.Debug|Any CPU.ActiveCfg = Debug|Any CPU
		{AD2559B8-ADC4-4B86-8D66-9993841731FC}.Debug|Any CPU.Build.0 = Debug|Any CPU
		{AD2559B8-ADC4-4B86-8D66-9993841731FC}.Debug|Mixed Platforms.ActiveCfg = Debug|Any CPU
		{AD2559B8-ADC4-4B86-8D66-9993841731FC}.Debug|Mixed Platforms.Build.0 = Debug|Any CPU
		{AD2559B8-ADC4-4B86-8D66-9993841731FC}.Debug|x86.ActiveCfg = Debug|Any CPU
		{AD2559B8-ADC4-4B86-8D66-9993841731FC}.Release|Any CPU.ActiveCfg = Release|Any CPU
		{AD2559B8-ADC4-4B86-8D66-9993841731FC}.Release|Any CPU.Build.0 = Release|Any CPU
		{AD2559B8-ADC4-4B86-8D66-9993841731FC}.Release|Mixed Platforms.ActiveCfg = Release|Any CPU
		{AD2559B8-ADC4-4B86-8D66-9993841731FC}.Release|Mixed Platforms.Build.0 = Release|Any CPU
		{AD2559B8-ADC4-4B86-8D66-9993841731FC}.Release|x86.ActiveCfg = Release|Any CPU
		{B9F69C85-CD13-4F05-B80C-97BE57876DD6}.Debug|Any CPU.ActiveCfg = Debug|Any CPU
		{B9F69C85-CD13-4F05-B80C-97BE57876DD6}.Debug|Any CPU.Build.0 = Debug|Any CPU
		{B9F69C85-CD13-4F05-B80C-97BE57876DD6}.Debug|Mixed Platforms.ActiveCfg = Debug|Any CPU
		{B9F69C85-CD13-4F05-B80C-97BE57876DD6}.Debug|Mixed Platforms.Build.0 = Debug|Any CPU
		{B9F69C85-CD13-4F05-B80C-97BE57876DD6}.Debug|x86.ActiveCfg = Debug|Any CPU
		{B9F69C85-CD13-4F05-B80C-97BE57876DD6}.Debug|x86.Build.0 = Debug|Any CPU
		{B9F69C85-CD13-4F05-B80C-97BE57876DD6}.Release|Any CPU.ActiveCfg = Release|Any CPU
		{B9F69C85-CD13-4F05-B80C-97BE57876DD6}.Release|Any CPU.Build.0 = Release|Any CPU
		{B9F69C85-CD13-4F05-B80C-97BE57876DD6}.Release|Mixed Platforms.ActiveCfg = Release|Any CPU
		{B9F69C85-CD13-4F05-B80C-97BE57876DD6}.Release|Mixed Platforms.Build.0 = Release|Any CPU
		{B9F69C85-CD13-4F05-B80C-97BE57876DD6}.Release|x86.ActiveCfg = Release|Any CPU
		{0628D425-0E90-4491-B474-1B88CEFEFA82}.Debug|Any CPU.ActiveCfg = Debug|Any CPU
		{0628D425-0E90-4491-B474-1B88CEFEFA82}.Debug|Any CPU.Build.0 = Debug|Any CPU
		{0628D425-0E90-4491-B474-1B88CEFEFA82}.Debug|Mixed Platforms.ActiveCfg = Debug|Any CPU
		{0628D425-0E90-4491-B474-1B88CEFEFA82}.Debug|Mixed Platforms.Build.0 = Debug|Any CPU
		{0628D425-0E90-4491-B474-1B88CEFEFA82}.Debug|x86.ActiveCfg = Debug|Any CPU
		{0628D425-0E90-4491-B474-1B88CEFEFA82}.Release|Any CPU.ActiveCfg = Release|Any CPU
		{0628D425-0E90-4491-B474-1B88CEFEFA82}.Release|Any CPU.Build.0 = Release|Any CPU
		{0628D425-0E90-4491-B474-1B88CEFEFA82}.Release|Mixed Platforms.ActiveCfg = Release|Any CPU
		{0628D425-0E90-4491-B474-1B88CEFEFA82}.Release|Mixed Platforms.Build.0 = Release|Any CPU
		{0628D425-0E90-4491-B474-1B88CEFEFA82}.Release|x86.ActiveCfg = Release|Any CPU
		{5ED5D24A-FA7E-4308-A3E2-3ACCAA7FA42C}.Debug|Any CPU.ActiveCfg = Debug|Any CPU
		{5ED5D24A-FA7E-4308-A3E2-3ACCAA7FA42C}.Debug|Any CPU.Build.0 = Debug|Any CPU
		{5ED5D24A-FA7E-4308-A3E2-3ACCAA7FA42C}.Debug|Mixed Platforms.ActiveCfg = Debug|Any CPU
		{5ED5D24A-FA7E-4308-A3E2-3ACCAA7FA42C}.Debug|Mixed Platforms.Build.0 = Debug|Any CPU
		{5ED5D24A-FA7E-4308-A3E2-3ACCAA7FA42C}.Debug|x86.ActiveCfg = Debug|Any CPU
		{5ED5D24A-FA7E-4308-A3E2-3ACCAA7FA42C}.Release|Any CPU.ActiveCfg = Release|Any CPU
		{5ED5D24A-FA7E-4308-A3E2-3ACCAA7FA42C}.Release|Any CPU.Build.0 = Release|Any CPU
		{5ED5D24A-FA7E-4308-A3E2-3ACCAA7FA42C}.Release|Mixed Platforms.ActiveCfg = Release|Any CPU
		{5ED5D24A-FA7E-4308-A3E2-3ACCAA7FA42C}.Release|Mixed Platforms.Build.0 = Release|Any CPU
		{5ED5D24A-FA7E-4308-A3E2-3ACCAA7FA42C}.Release|x86.ActiveCfg = Release|Any CPU
		{34E260C5-D2FD-4CEB-9D35-7E7F6DBF8620}.Debug|Any CPU.ActiveCfg = Debug|Any CPU
		{34E260C5-D2FD-4CEB-9D35-7E7F6DBF8620}.Debug|Any CPU.Build.0 = Debug|Any CPU
		{34E260C5-D2FD-4CEB-9D35-7E7F6DBF8620}.Debug|Mixed Platforms.ActiveCfg = Debug|Any CPU
		{34E260C5-D2FD-4CEB-9D35-7E7F6DBF8620}.Debug|Mixed Platforms.Build.0 = Debug|Any CPU
		{34E260C5-D2FD-4CEB-9D35-7E7F6DBF8620}.Debug|x86.ActiveCfg = Debug|Any CPU
		{34E260C5-D2FD-4CEB-9D35-7E7F6DBF8620}.Release|Any CPU.ActiveCfg = Release|Any CPU
		{34E260C5-D2FD-4CEB-9D35-7E7F6DBF8620}.Release|Any CPU.Build.0 = Release|Any CPU
		{34E260C5-D2FD-4CEB-9D35-7E7F6DBF8620}.Release|Mixed Platforms.ActiveCfg = Release|Any CPU
		{34E260C5-D2FD-4CEB-9D35-7E7F6DBF8620}.Release|Mixed Platforms.Build.0 = Release|Any CPU
		{34E260C5-D2FD-4CEB-9D35-7E7F6DBF8620}.Release|x86.ActiveCfg = Release|Any CPU
		{BF5D9400-0B7B-4F23-9765-5AC5AFFAFBFD}.Debug|Any CPU.ActiveCfg = Debug|Any CPU
		{BF5D9400-0B7B-4F23-9765-5AC5AFFAFBFD}.Debug|Any CPU.Build.0 = Debug|Any CPU
		{BF5D9400-0B7B-4F23-9765-5AC5AFFAFBFD}.Debug|Mixed Platforms.ActiveCfg = Debug|Any CPU
		{BF5D9400-0B7B-4F23-9765-5AC5AFFAFBFD}.Debug|Mixed Platforms.Build.0 = Debug|Any CPU
		{BF5D9400-0B7B-4F23-9765-5AC5AFFAFBFD}.Debug|x86.ActiveCfg = Debug|Any CPU
		{BF5D9400-0B7B-4F23-9765-5AC5AFFAFBFD}.Release|Any CPU.ActiveCfg = Release|Any CPU
		{BF5D9400-0B7B-4F23-9765-5AC5AFFAFBFD}.Release|Any CPU.Build.0 = Release|Any CPU
		{BF5D9400-0B7B-4F23-9765-5AC5AFFAFBFD}.Release|Mixed Platforms.ActiveCfg = Release|Any CPU
		{BF5D9400-0B7B-4F23-9765-5AC5AFFAFBFD}.Release|Mixed Platforms.Build.0 = Release|Any CPU
		{BF5D9400-0B7B-4F23-9765-5AC5AFFAFBFD}.Release|x86.ActiveCfg = Release|Any CPU
	EndGlobalSection
	GlobalSection(SolutionProperties) = preSolution
		HideSolutionNode = FALSE
	EndGlobalSection
EndGlobal
